
Microsoft Visual Studio Solution File, Format Version 12.00
# Visual Studio Version 16
VisualStudioVersion = 16.0.30225.117
MinimumVisualStudioVersion = 10.0.40219.1
Project("{8BC9CEB8-8B4A-11D0-8D11-00A0C91BC942}") = "4-1", "4-1\4-1.vcxproj", "{A2DBA87C-08C6-4978-8CB1-5A1751DBFF21}"
EndProject
Project("{8BC9CEB8-8B4A-11D0-8D11-00A0C91BC942}") = "4-2", "4-2\4-2.vcxproj", "{0A4D7D42-3413-4797-8DB6-2C10DCDB32E2}"
EndProject
Project("{8BC9CEB8-8B4A-11D0-8D11-00A0C91BC942}") = "1-1-1", "1-1-1\1-1-1.vcxproj", "{CDAC83D5-64BE-46DC-87C0-BD09742F24B3}"
EndProject
Project("{8BC9CEB8-8B4A-11D0-8D11-00A0C91BC942}") = "1-1-2", "1-1-2\1-1-2.vcxproj", "{B3D17DF3-C638-47E2-845D-E48BADFD75D3}"
EndProject
Project("{8BC9CEB8-8B4A-11D0-8D11-00A0C91BC942}") = "1-2-1", "1-2-1\1-2-1.vcxproj", "{4BFCE0BB-4F4F-45D9-B3FD-6F438ADE8DCC}"
EndProject
Project("{8BC9CEB8-8B4A-11D0-8D11-00A0C91BC942}") = "1-2-2", "1-2-2\1-2-2.vcxproj", "{A71A395F-015A-46CE-B0E5-64A34B24BA66}"
EndProject
Project("{8BC9CEB8-8B4A-11D0-8D11-00A0C91BC942}") = "1-2-3", "1-2-3\1-2-3.vcxproj", "{EBF589B4-A113-4BAF-BE3A-9EFC4E2E15A3}"
EndProject
Project("{8BC9CEB8-8B4A-11D0-8D11-00A0C91BC942}") = "1-2-4", "1-2-4\1-2-4.vcxproj", "{FBC58237-0F78-47B6-BD94-71D5A623B693}"
EndProject
Project("{8BC9CEB8-8B4A-11D0-8D11-00A0C91BC942}") = "2-2-1", "2-2-1\2-2-1.vcxproj", "{ADE6AE87-8DE4-4B45-84B2-8CE4A994CBD1}"
EndProject
Project("{8BC9CEB8-8B4A-11D0-8D11-00A0C91BC942}") = "2-2-2", "2-2-2\2-2-2.vcxproj", "{F9187AD4-031C-46E7-9785-C8B3EC2891D3}"
EndProject
Project("{8BC9CEB8-8B4A-11D0-8D11-00A0C91BC942}") = "2-3-1", "2-3-1\2-3-1.vcxproj", "{AD67E690-7D64-41FA-A1AF-8553B5047E0B}"
EndProject
Project("{8BC9CEB8-8B4A-11D0-8D11-00A0C91BC942}") = "2-3-2", "2-3-2\2-3-2.vcxproj", "{28400F5E-AA6B-442F-97B4-5BEF379E03CD}"
EndProject
Project("{8BC9CEB8-8B4A-11D0-8D11-00A0C91BC942}") = "3-1-1", "3-1-1\3-1-1.vcxproj", "{63C6711F-A61C-4514-819C-EC08EDC33284}"
EndProject
Project("{8BC9CEB8-8B4A-11D0-8D11-00A0C91BC942}") = "3-1-2", "3-1-2\3-1-2.vcxproj", "{2C75A04A-9AA9-4100-8806-35F735D316F6}"
EndProject
Project("{8BC9CEB8-8B4A-11D0-8D11-00A0C91BC942}") = "3-1-3", "3-1-3\3-1-3.vcxproj", "{B79DBB47-E653-44A1-A0B1-867DDE25F5C6}"
EndProject
Project("{8BC9CEB8-8B4A-11D0-8D11-00A0C91BC942}") = "3-2-1", "3-2-1\3-2-1.vcxproj", "{639CCFB4-DAD7-4234-B11F-2AB4B8B5A7DF}"
EndProject
Project("{8BC9CEB8-8B4A-11D0-8D11-00A0C91BC942}") = "3-2-2", "3-2-2\3-2-2.vcxproj", "{E230219B-C6EA-4AC4-A078-8B99245273B9}"
EndProject
Project("{8BC9CEB8-8B4A-11D0-8D11-00A0C91BC942}") = "3-2-3", "3-2-3\3-2-3.vcxproj", "{20CD717F-B086-46A0-8CDD-CBEAD4D80A15}"
EndProject
Project("{8BC9CEB8-8B4A-11D0-8D11-00A0C91BC942}") = "test", "test\test.vcxproj", "{4D27C236-FFDC-42A9-9A2F-73F75D6E56F7}"
EndProject
Global
	GlobalSection(SolutionConfigurationPlatforms) = preSolution
		Debug|x64 = Debug|x64
		Debug|x86 = Debug|x86
		Release|x64 = Release|x64
		Release|x86 = Release|x86
	EndGlobalSection
	GlobalSection(ProjectConfigurationPlatforms) = postSolution
		{A2DBA87C-08C6-4978-8CB1-5A1751DBFF21}.Debug|x64.ActiveCfg = Debug|x64
		{A2DBA87C-08C6-4978-8CB1-5A1751DBFF21}.Debug|x64.Build.0 = Debug|x64
		{A2DBA87C-08C6-4978-8CB1-5A1751DBFF21}.Debug|x86.ActiveCfg = Debug|Win32
		{A2DBA87C-08C6-4978-8CB1-5A1751DBFF21}.Debug|x86.Build.0 = Debug|Win32
		{A2DBA87C-08C6-4978-8CB1-5A1751DBFF21}.Release|x64.ActiveCfg = Release|x64
		{A2DBA87C-08C6-4978-8CB1-5A1751DBFF21}.Release|x64.Build.0 = Release|x64
		{A2DBA87C-08C6-4978-8CB1-5A1751DBFF21}.Release|x86.ActiveCfg = Release|Win32
		{A2DBA87C-08C6-4978-8CB1-5A1751DBFF21}.Release|x86.Build.0 = Release|Win32
		{0A4D7D42-3413-4797-8DB6-2C10DCDB32E2}.Debug|x64.ActiveCfg = Debug|x64
		{0A4D7D42-3413-4797-8DB6-2C10DCDB32E2}.Debug|x64.Build.0 = Debug|x64
		{0A4D7D42-3413-4797-8DB6-2C10DCDB32E2}.Debug|x86.ActiveCfg = Debug|Win32
		{0A4D7D42-3413-4797-8DB6-2C10DCDB32E2}.Debug|x86.Build.0 = Debug|Win32
		{0A4D7D42-3413-4797-8DB6-2C10DCDB32E2}.Release|x64.ActiveCfg = Release|x64
		{0A4D7D42-3413-4797-8DB6-2C10DCDB32E2}.Release|x64.Build.0 = Release|x64
		{0A4D7D42-3413-4797-8DB6-2C10DCDB32E2}.Release|x86.ActiveCfg = Release|Win32
		{0A4D7D42-3413-4797-8DB6-2C10DCDB32E2}.Release|x86.Build.0 = Release|Win32
		{CDAC83D5-64BE-46DC-87C0-BD09742F24B3}.Debug|x64.ActiveCfg = Debug|x64
		{CDAC83D5-64BE-46DC-87C0-BD09742F24B3}.Debug|x64.Build.0 = Debug|x64
		{CDAC83D5-64BE-46DC-87C0-BD09742F24B3}.Debug|x86.ActiveCfg = Debug|Win32
		{CDAC83D5-64BE-46DC-87C0-BD09742F24B3}.Debug|x86.Build.0 = Debug|Win32
		{CDAC83D5-64BE-46DC-87C0-BD09742F24B3}.Release|x64.ActiveCfg = Release|x64
		{CDAC83D5-64BE-46DC-87C0-BD09742F24B3}.Release|x64.Build.0 = Release|x64
		{CDAC83D5-64BE-46DC-87C0-BD09742F24B3}.Release|x86.ActiveCfg = Release|Win32
		{CDAC83D5-64BE-46DC-87C0-BD09742F24B3}.Release|x86.Build.0 = Release|Win32
		{B3D17DF3-C638-47E2-845D-E48BADFD75D3}.Debug|x64.ActiveCfg = Debug|x64
		{B3D17DF3-C638-47E2-845D-E48BADFD75D3}.Debug|x64.Build.0 = Debug|x64
		{B3D17DF3-C638-47E2-845D-E48BADFD75D3}.Debug|x86.ActiveCfg = Debug|Win32
		{B3D17DF3-C638-47E2-845D-E48BADFD75D3}.Debug|x86.Build.0 = Debug|Win32
		{B3D17DF3-C638-47E2-845D-E48BADFD75D3}.Release|x64.ActiveCfg = Release|x64
		{B3D17DF3-C638-47E2-845D-E48BADFD75D3}.Release|x64.Build.0 = Release|x64
		{B3D17DF3-C638-47E2-845D-E48BADFD75D3}.Release|x86.ActiveCfg = Release|Win32
		{B3D17DF3-C638-47E2-845D-E48BADFD75D3}.Release|x86.Build.0 = Release|Win32
		{4BFCE0BB-4F4F-45D9-B3FD-6F438ADE8DCC}.Debug|x64.ActiveCfg = Debug|x64
		{4BFCE0BB-4F4F-45D9-B3FD-6F438ADE8DCC}.Debug|x64.Build.0 = Debug|x64
		{4BFCE0BB-4F4F-45D9-B3FD-6F438ADE8DCC}.Debug|x86.ActiveCfg = Debug|Win32
		{4BFCE0BB-4F4F-45D9-B3FD-6F438ADE8DCC}.Debug|x86.Build.0 = Debug|Win32
		{4BFCE0BB-4F4F-45D9-B3FD-6F438ADE8DCC}.Release|x64.ActiveCfg = Release|x64
		{4BFCE0BB-4F4F-45D9-B3FD-6F438ADE8DCC}.Release|x64.Build.0 = Release|x64
		{4BFCE0BB-4F4F-45D9-B3FD-6F438ADE8DCC}.Release|x86.ActiveCfg = Release|Win32
		{4BFCE0BB-4F4F-45D9-B3FD-6F438ADE8DCC}.Release|x86.Build.0 = Release|Win32
		{A71A395F-015A-46CE-B0E5-64A34B24BA66}.Debug|x64.ActiveCfg = Debug|x64
		{A71A395F-015A-46CE-B0E5-64A34B24BA66}.Debug|x64.Build.0 = Debug|x64
		{A71A395F-015A-46CE-B0E5-64A34B24BA66}.Debug|x86.ActiveCfg = Debug|Win32
		{A71A395F-015A-46CE-B0E5-64A34B24BA66}.Debug|x86.Build.0 = Debug|Win32
		{A71A395F-015A-46CE-B0E5-64A34B24BA66}.Release|x64.ActiveCfg = Release|x64
		{A71A395F-015A-46CE-B0E5-64A34B24BA66}.Release|x64.Build.0 = Release|x64
		{A71A395F-015A-46CE-B0E5-64A34B24BA66}.Release|x86.ActiveCfg = Release|Win32
		{A71A395F-015A-46CE-B0E5-64A34B24BA66}.Release|x86.Build.0 = Release|Win32
		{EBF589B4-A113-4BAF-BE3A-9EFC4E2E15A3}.Debug|x64.ActiveCfg = Debug|x64
		{EBF589B4-A113-4BAF-BE3A-9EFC4E2E15A3}.Debug|x64.Build.0 = Debug|x64
		{EBF589B4-A113-4BAF-BE3A-9EFC4E2E15A3}.Debug|x86.ActiveCfg = Debug|Win32
		{EBF589B4-A113-4BAF-BE3A-9EFC4E2E15A3}.Debug|x86.Build.0 = Debug|Win32
		{EBF589B4-A113-4BAF-BE3A-9EFC4E2E15A3}.Release|x64.ActiveCfg = Release|x64
		{EBF589B4-A113-4BAF-BE3A-9EFC4E2E15A3}.Release|x64.Build.0 = Release|x64
		{EBF589B4-A113-4BAF-BE3A-9EFC4E2E15A3}.Release|x86.ActiveCfg = Release|Win32
		{EBF589B4-A113-4BAF-BE3A-9EFC4E2E15A3}.Release|x86.Build.0 = Release|Win32
		{FBC58237-0F78-47B6-BD94-71D5A623B693}.Debug|x64.ActiveCfg = Debug|x64
		{FBC58237-0F78-47B6-BD94-71D5A623B693}.Debug|x64.Build.0 = Debug|x64
		{FBC58237-0F78-47B6-BD94-71D5A623B693}.Debug|x86.ActiveCfg = Debug|Win32
		{FBC58237-0F78-47B6-BD94-71D5A623B693}.Debug|x86.Build.0 = Debug|Win32
		{FBC58237-0F78-47B6-BD94-71D5A623B693}.Release|x64.ActiveCfg = Release|x64
		{FBC58237-0F78-47B6-BD94-71D5A623B693}.Release|x64.Build.0 = Release|x64
		{FBC58237-0F78-47B6-BD94-71D5A623B693}.Release|x86.ActiveCfg = Release|Win32
		{FBC58237-0F78-47B6-BD94-71D5A623B693}.Release|x86.Build.0 = Release|Win32
		{ADE6AE87-8DE4-4B45-84B2-8CE4A994CBD1}.Debug|x64.ActiveCfg = Debug|x64
		{ADE6AE87-8DE4-4B45-84B2-8CE4A994CBD1}.Debug|x64.Build.0 = Debug|x64
		{ADE6AE87-8DE4-4B45-84B2-8CE4A994CBD1}.Debug|x86.ActiveCfg = Debug|Win32
		{ADE6AE87-8DE4-4B45-84B2-8CE4A994CBD1}.Debug|x86.Build.0 = Debug|Win32
		{ADE6AE87-8DE4-4B45-84B2-8CE4A994CBD1}.Release|x64.ActiveCfg = Release|x64
		{ADE6AE87-8DE4-4B45-84B2-8CE4A994CBD1}.Release|x64.Build.0 = Release|x64
		{ADE6AE87-8DE4-4B45-84B2-8CE4A994CBD1}.Release|x86.ActiveCfg = Release|Win32
		{ADE6AE87-8DE4-4B45-84B2-8CE4A994CBD1}.Release|x86.Build.0 = Release|Win32
		{F9187AD4-031C-46E7-9785-C8B3EC2891D3}.Debug|x64.ActiveCfg = Debug|x64
		{F9187AD4-031C-46E7-9785-C8B3EC2891D3}.Debug|x64.Build.0 = Debug|x64
		{F9187AD4-031C-46E7-9785-C8B3EC2891D3}.Debug|x86.ActiveCfg = Debug|Win32
		{F9187AD4-031C-46E7-9785-C8B3EC2891D3}.Debug|x86.Build.0 = Debug|Win32
		{F9187AD4-031C-46E7-9785-C8B3EC2891D3}.Release|x64.ActiveCfg = Release|x64
		{F9187AD4-031C-46E7-9785-C8B3EC2891D3}.Release|x64.Build.0 = Release|x64
		{F9187AD4-031C-46E7-9785-C8B3EC2891D3}.Release|x86.ActiveCfg = Release|Win32
		{F9187AD4-031C-46E7-9785-C8B3EC2891D3}.Release|x86.Build.0 = Release|Win32
		{AD67E690-7D64-41FA-A1AF-8553B5047E0B}.Debug|x64.ActiveCfg = Debug|x64
		{AD67E690-7D64-41FA-A1AF-8553B5047E0B}.Debug|x64.Build.0 = Debug|x64
		{AD67E690-7D64-41FA-A1AF-8553B5047E0B}.Debug|x86.ActiveCfg = Debug|Win32
		{AD67E690-7D64-41FA-A1AF-8553B5047E0B}.Debug|x86.Build.0 = Debug|Win32
		{AD67E690-7D64-41FA-A1AF-8553B5047E0B}.Release|x64.ActiveCfg = Release|x64
		{AD67E690-7D64-41FA-A1AF-8553B5047E0B}.Release|x64.Build.0 = Release|x64
		{AD67E690-7D64-41FA-A1AF-8553B5047E0B}.Release|x86.ActiveCfg = Release|Win32
		{AD67E690-7D64-41FA-A1AF-8553B5047E0B}.Release|x86.Build.0 = Release|Win32
		{28400F5E-AA6B-442F-97B4-5BEF379E03CD}.Debug|x64.ActiveCfg = Debug|x64
		{28400F5E-AA6B-442F-97B4-5BEF379E03CD}.Debug|x64.Build.0 = Debug|x64
		{28400F5E-AA6B-442F-97B4-5BEF379E03CD}.Debug|x86.ActiveCfg = Debug|Win32
		{28400F5E-AA6B-442F-97B4-5BEF379E03CD}.Debug|x86.Build.0 = Debug|Win32
		{28400F5E-AA6B-442F-97B4-5BEF379E03CD}.Release|x64.ActiveCfg = Release|x64
		{28400F5E-AA6B-442F-97B4-5BEF379E03CD}.Release|x64.Build.0 = Release|x64
		{28400F5E-AA6B-442F-97B4-5BEF379E03CD}.Release|x86.ActiveCfg = Release|Win32
		{28400F5E-AA6B-442F-97B4-5BEF379E03CD}.Release|x86.Build.0 = Release|Win32
		{63C6711F-A61C-4514-819C-EC08EDC33284}.Debug|x64.ActiveCfg = Debug|x64
		{63C6711F-A61C-4514-819C-EC08EDC33284}.Debug|x64.Build.0 = Debug|x64
		{63C6711F-A61C-4514-819C-EC08EDC33284}.Debug|x86.ActiveCfg = Debug|Win32
		{63C6711F-A61C-4514-819C-EC08EDC33284}.Debug|x86.Build.0 = Debug|Win32
		{63C6711F-A61C-4514-819C-EC08EDC33284}.Release|x64.ActiveCfg = Release|x64
		{63C6711F-A61C-4514-819C-EC08EDC33284}.Release|x64.Build.0 = Release|x64
		{63C6711F-A61C-4514-819C-EC08EDC33284}.Release|x86.ActiveCfg = Release|Win32
		{63C6711F-A61C-4514-819C-EC08EDC33284}.Release|x86.Build.0 = Release|Win32
		{2C75A04A-9AA9-4100-8806-35F735D316F6}.Debug|x64.ActiveCfg = Debug|x64
		{2C75A04A-9AA9-4100-8806-35F735D316F6}.Debug|x64.Build.0 = Debug|x64
		{2C75A04A-9AA9-4100-8806-35F735D316F6}.Debug|x86.ActiveCfg = Debug|Win32
		{2C75A04A-9AA9-4100-8806-35F735D316F6}.Debug|x86.Build.0 = Debug|Win32
		{2C75A04A-9AA9-4100-8806-35F735D316F6}.Release|x64.ActiveCfg = Release|x64
		{2C75A04A-9AA9-4100-8806-35F735D316F6}.Release|x64.Build.0 = Release|x64
		{2C75A04A-9AA9-4100-8806-35F735D316F6}.Release|x86.ActiveCfg = Release|Win32
		{2C75A04A-9AA9-4100-8806-35F735D316F6}.Release|x86.Build.0 = Release|Win32
		{B79DBB47-E653-44A1-A0B1-867DDE25F5C6}.Debug|x64.ActiveCfg = Debug|x64
		{B79DBB47-E653-44A1-A0B1-867DDE25F5C6}.Debug|x64.Build.0 = Debug|x64
		{B79DBB47-E653-44A1-A0B1-867DDE25F5C6}.Debug|x86.ActiveCfg = Debug|Win32
		{B79DBB47-E653-44A1-A0B1-867DDE25F5C6}.Debug|x86.Build.0 = Debug|Win32
		{B79DBB47-E653-44A1-A0B1-867DDE25F5C6}.Release|x64.ActiveCfg = Release|x64
		{B79DBB47-E653-44A1-A0B1-867DDE25F5C6}.Release|x64.Build.0 = Release|x64
		{B79DBB47-E653-44A1-A0B1-867DDE25F5C6}.Release|x86.ActiveCfg = Release|Win32
		{B79DBB47-E653-44A1-A0B1-867DDE25F5C6}.Release|x86.Build.0 = Release|Win32
		{639CCFB4-DAD7-4234-B11F-2AB4B8B5A7DF}.Debug|x64.ActiveCfg = Debug|x64
		{639CCFB4-DAD7-4234-B11F-2AB4B8B5A7DF}.Debug|x64.Build.0 = Debug|x64
		{639CCFB4-DAD7-4234-B11F-2AB4B8B5A7DF}.Debug|x86.ActiveCfg = Debug|Win32
		{639CCFB4-DAD7-4234-B11F-2AB4B8B5A7DF}.Debug|x86.Build.0 = Debug|Win32
		{639CCFB4-DAD7-4234-B11F-2AB4B8B5A7DF}.Release|x64.ActiveCfg = Release|x64
		{639CCFB4-DAD7-4234-B11F-2AB4B8B5A7DF}.Release|x64.Build.0 = Release|x64
		{639CCFB4-DAD7-4234-B11F-2AB4B8B5A7DF}.Release|x86.ActiveCfg = Release|Win32
		{639CCFB4-DAD7-4234-B11F-2AB4B8B5A7DF}.Release|x86.Build.0 = Release|Win32
		{E230219B-C6EA-4AC4-A078-8B99245273B9}.Debug|x64.ActiveCfg = Debug|x64
		{E230219B-C6EA-4AC4-A078-8B99245273B9}.Debug|x64.Build.0 = Debug|x64
		{E230219B-C6EA-4AC4-A078-8B99245273B9}.Debug|x86.ActiveCfg = Debug|Win32
		{E230219B-C6EA-4AC4-A078-8B99245273B9}.Debug|x86.Build.0 = Debug|Win32
		{E230219B-C6EA-4AC4-A078-8B99245273B9}.Release|x64.ActiveCfg = Release|x64
		{E230219B-C6EA-4AC4-A078-8B99245273B9}.Release|x64.Build.0 = Release|x64
		{E230219B-C6EA-4AC4-A078-8B99245273B9}.Release|x86.ActiveCfg = Release|Win32
		{E230219B-C6EA-4AC4-A078-8B99245273B9}.Release|x86.Build.0 = Release|Win32
		{20CD717F-B086-46A0-8CDD-CBEAD4D80A15}.Debug|x64.ActiveCfg = Debug|x64
		{20CD717F-B086-46A0-8CDD-CBEAD4D80A15}.Debug|x64.Build.0 = Debug|x64
		{20CD717F-B086-46A0-8CDD-CBEAD4D80A15}.Debug|x86.ActiveCfg = Debug|Win32
		{20CD717F-B086-46A0-8CDD-CBEAD4D80A15}.Debug|x86.Build.0 = Debug|Win32
		{20CD717F-B086-46A0-8CDD-CBEAD4D80A15}.Release|x64.ActiveCfg = Release|x64
		{20CD717F-B086-46A0-8CDD-CBEAD4D80A15}.Release|x64.Build.0 = Release|x64
		{20CD717F-B086-46A0-8CDD-CBEAD4D80A15}.Release|x86.ActiveCfg = Release|Win32
		{20CD717F-B086-46A0-8CDD-CBEAD4D80A15}.Release|x86.Build.0 = Release|Win32
		{4D27C236-FFDC-42A9-9A2F-73F75D6E56F7}.Debug|x64.ActiveCfg = Debug|x64
		{4D27C236-FFDC-42A9-9A2F-73F75D6E56F7}.Debug|x64.Build.0 = Debug|x64
		{4D27C236-FFDC-42A9-9A2F-73F75D6E56F7}.Debug|x86.ActiveCfg = Debug|Win32
		{4D27C236-FFDC-42A9-9A2F-73F75D6E56F7}.Debug|x86.Build.0 = Debug|Win32
		{4D27C236-FFDC-42A9-9A2F-73F75D6E56F7}.Release|x64.ActiveCfg = Release|x64
		{4D27C236-FFDC-42A9-9A2F-73F75D6E56F7}.Release|x64.Build.0 = Release|x64
		{4D27C236-FFDC-42A9-9A2F-73F75D6E56F7}.Release|x86.ActiveCfg = Release|Win32
		{4D27C236-FFDC-42A9-9A2F-73F75D6E56F7}.Release|x86.Build.0 = Release|Win32
	EndGlobalSection
	GlobalSection(SolutionProperties) = preSolution
		HideSolutionNode = FALSE
	EndGlobalSection
	GlobalSection(ExtensibilityGlobals) = postSolution
		SolutionGuid = {0C932E27-A4B2-4C38-96C2-C60CEC41499E}
	EndGlobalSection
EndGlobal
